
Microsoft Visual Studio Solution File, Format Version 10.00
# Visual Studio 2008
Project("{FAE04EC0-301F-11D3-BF4B-00C04F79EFBC}") = "CSharpTests", "CSharpTests\CSharpTests.csproj", "{8C43039B-10FF-4955-84E3-E0D2F7D8B2A0}"
EndProject
Project("{F184B08F-C81C-45F6-A57F-5ABD9991F28F}") = "VBTests", "VBTests\VBTests.vbproj", "{FF805CCC-C6D7-4431-B30E-A173503A5758}"
EndProject
Project("{E24C65DC-7377-472B-9ABA-BC803B73C61A}") = "WebSite", "WebSite\", "{FEAE8A3F-2D7C-46F6-9606-0F067B50AF17}"
	ProjectSection(WebsiteProperties) = preProject
		TargetFramework = "3.5"
		ProjectReferences = "{D1480754-5327-4D47-BE85-A03FE19BA66D}|CSharpLib.dll;"
		Debug.AspNetCompiler.VirtualPath = "/WebSite"
		Debug.AspNetCompiler.PhysicalPath = "WebSite\"
		Debug.AspNetCompiler.TargetPath = "PrecompiledWeb\WebSite\"
		Debug.AspNetCompiler.Updateable = "true"
		Debug.AspNetCompiler.ForceOverwrite = "true"
		Debug.AspNetCompiler.FixedNames = "false"
		Debug.AspNetCompiler.Debug = "True"
		Release.AspNetCompiler.VirtualPath = "/WebSite"
		Release.AspNetCompiler.PhysicalPath = "WebSite\"
		Release.AspNetCompiler.TargetPath = "PrecompiledWeb\WebSite\"
		Release.AspNetCompiler.Updateable = "true"
		Release.AspNetCompiler.ForceOverwrite = "true"
		Release.AspNetCompiler.FixedNames = "false"
		Release.AspNetCompiler.Debug = "False"
		VWDPort = "13076"
		DefaultWebSiteLanguage = "Visual C#"
	EndProjectSection
EndProject
Project("{FAE04EC0-301F-11D3-BF4B-00C04F79EFBC}") = "CSharpLib", "CSharpLib\CSharpLib.csproj", "{D1480754-5327-4D47-BE85-A03FE19BA66D}"
EndProject
Project("{F184B08F-C81C-45F6-A57F-5ABD9991F28F}") = "VBLib", "VBLib\VBLib.vbproj", "{390EA2A6-9689-4F2A-A2DE-A40B55F14A5F}"
EndProject
Global
	GlobalSection(SolutionConfigurationPlatforms) = preSolution
		Debug|.NET = Debug|.NET
		Debug|Any CPU = Debug|Any CPU
		Debug|Mixed Platforms = Debug|Mixed Platforms
		Release|.NET = Release|.NET
		Release|Any CPU = Release|Any CPU
		Release|Mixed Platforms = Release|Mixed Platforms
	EndGlobalSection
	GlobalSection(ProjectConfigurationPlatforms) = postSolution
		{8C43039B-10FF-4955-84E3-E0D2F7D8B2A0}.Debug|.NET.ActiveCfg = Debug|Any CPU
		{8C43039B-10FF-4955-84E3-E0D2F7D8B2A0}.Debug|Any CPU.ActiveCfg = Debug|Any CPU
		{8C43039B-10FF-4955-84E3-E0D2F7D8B2A0}.Debug|Any CPU.Build.0 = Debug|Any CPU
		{8C43039B-10FF-4955-84E3-E0D2F7D8B2A0}.Debug|Mixed Platforms.ActiveCfg = Debug|Any CPU
		{8C43039B-10FF-4955-84E3-E0D2F7D8B2A0}.Debug|Mixed Platforms.Build.0 = Debug|Any CPU
		{8C43039B-10FF-4955-84E3-E0D2F7D8B2A0}.Release|.NET.ActiveCfg = Release|Any CPU
		{8C43039B-10FF-4955-84E3-E0D2F7D8B2A0}.Release|Any CPU.ActiveCfg = Release|Any CPU
		{8C43039B-10FF-4955-84E3-E0D2F7D8B2A0}.Release|Any CPU.Build.0 = Release|Any CPU
		{8C43039B-10FF-4955-84E3-E0D2F7D8B2A0}.Release|Mixed Platforms.ActiveCfg = Release|Any CPU
		{8C43039B-10FF-4955-84E3-E0D2F7D8B2A0}.Release|Mixed Platforms.Build.0 = Release|Any CPU
		{FF805CCC-C6D7-4431-B30E-A173503A5758}.Debug|.NET.ActiveCfg = Debug|Any CPU
		{FF805CCC-C6D7-4431-B30E-A173503A5758}.Debug|Any CPU.ActiveCfg = Debug|Any CPU
		{FF805CCC-C6D7-4431-B30E-A173503A5758}.Debug|Any CPU.Build.0 = Debug|Any CPU
		{FF805CCC-C6D7-4431-B30E-A173503A5758}.Debug|Mixed Platforms.ActiveCfg = Debug|Any CPU
		{FF805CCC-C6D7-4431-B30E-A173503A5758}.Debug|Mixed Platforms.Build.0 = Debug|Any CPU
		{FF805CCC-C6D7-4431-B30E-A173503A5758}.Release|.NET.ActiveCfg = Release|Any CPU
		{FF805CCC-C6D7-4431-B30E-A173503A5758}.Release|Any CPU.ActiveCfg = Release|Any CPU
		{FF805CCC-C6D7-4431-B30E-A173503A5758}.Release|Any CPU.Build.0 = Release|Any CPU
		{FF805CCC-C6D7-4431-B30E-A173503A5758}.Release|Mixed Platforms.ActiveCfg = Release|Any CPU
		{FF805CCC-C6D7-4431-B30E-A173503A5758}.Release|Mixed Platforms.Build.0 = Release|Any CPU
		{FEAE8A3F-2D7C-46F6-9606-0F067B50AF17}.Debug|.NET.ActiveCfg = Debug|.NET
		{FEAE8A3F-2D7C-46F6-9606-0F067B50AF17}.Debug|.NET.Build.0 = Debug|.NET
		{FEAE8A3F-2D7C-46F6-9606-0F067B50AF17}.Debug|Any CPU.ActiveCfg = Debug|.NET
		{FEAE8A3F-2D7C-46F6-9606-0F067B50AF17}.Debug|Mixed Platforms.ActiveCfg = Debug|.NET
		{FEAE8A3F-2D7C-46F6-9606-0F067B50AF17}.Debug|Mixed Platforms.Build.0 = Debug|.NET
		{FEAE8A3F-2D7C-46F6-9606-0F067B50AF17}.Release|.NET.ActiveCfg = Debug|.NET
		{FEAE8A3F-2D7C-46F6-9606-0F067B50AF17}.Release|.NET.Build.0 = Debug|.NET
		{FEAE8A3F-2D7C-46F6-9606-0F067B50AF17}.Release|Any CPU.ActiveCfg = Debug|.NET
		{FEAE8A3F-2D7C-46F6-9606-0F067B50AF17}.Release|Mixed Platforms.ActiveCfg = Debug|.NET
		{FEAE8A3F-2D7C-46F6-9606-0F067B50AF17}.Release|Mixed Platforms.Build.0 = Debug|.NET
		{D1480754-5327-4D47-BE85-A03FE19BA66D}.Debug|.NET.ActiveCfg = Debug|Any CPU
		{D1480754-5327-4D47-BE85-A03FE19BA66D}.Debug|Any CPU.ActiveCfg = Debug|Any CPU
		{D1480754-5327-4D47-BE85-A03FE19BA66D}.Debug|Any CPU.Build.0 = Debug|Any CPU
		{D1480754-5327-4D47-BE85-A03FE19BA66D}.Debug|Mixed Platforms.ActiveCfg = Debug|Any CPU
		{D1480754-5327-4D47-BE85-A03FE19BA66D}.Debug|Mixed Platforms.Build.0 = Debug|Any CPU
		{D1480754-5327-4D47-BE85-A03FE19BA66D}.Release|.NET.ActiveCfg = Release|Any CPU
		{D1480754-5327-4D47-BE85-A03FE19BA66D}.Release|Any CPU.ActiveCfg = Release|Any CPU
		{D1480754-5327-4D47-BE85-A03FE19BA66D}.Release|Any CPU.Build.0 = Release|Any CPU
		{D1480754-5327-4D47-BE85-A03FE19BA66D}.Release|Mixed Platforms.ActiveCfg = Release|Any CPU
		{D1480754-5327-4D47-BE85-A03FE19BA66D}.Release|Mixed Platforms.Build.0 = Release|Any CPU
		{390EA2A6-9689-4F2A-A2DE-A40B55F14A5F}.Debug|.NET.ActiveCfg = Debug|Any CPU
		{390EA2A6-9689-4F2A-A2DE-A40B55F14A5F}.Debug|Any CPU.ActiveCfg = Debug|Any CPU
		{390EA2A6-9689-4F2A-A2DE-A40B55F14A5F}.Debug|Any CPU.Build.0 = Debug|Any CPU
		{390EA2A6-9689-4F2A-A2DE-A40B55F14A5F}.Debug|Mixed Platforms.ActiveCfg = Debug|Any CPU
		{390EA2A6-9689-4F2A-A2DE-A40B55F14A5F}.Debug|Mixed Platforms.Build.0 = Debug|Any CPU
		{390EA2A6-9689-4F2A-A2DE-A40B55F14A5F}.Release|.NET.ActiveCfg = Release|Any CPU
		{390EA2A6-9689-4F2A-A2DE-A40B55F14A5F}.Release|Any CPU.ActiveCfg = Release|Any CPU
		{390EA2A6-9689-4F2A-A2DE-A40B55F14A5F}.Release|Any CPU.Build.0 = Release|Any CPU
		{390EA2A6-9689-4F2A-A2DE-A40B55F14A5F}.Release|Mixed Platforms.ActiveCfg = Release|Any CPU
		{390EA2A6-9689-4F2A-A2DE-A40B55F14A5F}.Release|Mixed Platforms.Build.0 = Release|Any CPU
	EndGlobalSection
	GlobalSection(SolutionProperties) = preSolution
		HideSolutionNode = FALSE
	EndGlobalSection
EndGlobal
